
Microsoft Visual Studio Solution File, Format Version 12.00
# Visual Studio 15
VisualStudioVersion = 15.0.28307.168
MinimumVisualStudioVersion = 10.0.40219.1
Project("{FAE04EC0-301F-11D3-BF4B-00C04F79EFBC}") = "edge", "edge\edge.csproj", "{118B0E66-64CA-4C70-91AF-D2924DCCF6B3}"
EndProject
Global
	GlobalSection(SolutionConfigurationPlatforms) = preSolution
		Debug|Any CPU = Debug|Any CPU
		Release|Any CPU = Release|Any CPU
	EndGlobalSection
	GlobalSection(ProjectConfigurationPlatforms) = postSolution
		{118B0E66-64CA-4C70-91AF-D2924DCCF6B3}.Debug|Any CPU.ActiveCfg = Debug|Any CPU
		{118B0E66-64CA-4C70-91AF-D2924DCCF6B3}.Debug|Any CPU.Build.0 = Debug|Any CPU
		{118B0E66-64CA-4C70-91AF-D2924DCCF6B3}.Release|Any CPU.ActiveCfg = Release|Any CPU
		{118B0E66-64CA-4C70-91AF-D2924DCCF6B3}.Release|Any CPU.Build.0 = Release|Any CPU
	EndGlobalSection
	GlobalSection(SolutionProperties) = preSolution
		HideSolutionNode = FALSE
	EndGlobalSection
	GlobalSection(ExtensibilityGlobals) = postSolution
		SolutionGuid = {461BFFBB-50F3-4F91-AE39-3F6AB2E490D4}
	EndGlobalSection
EndGlobal
